<?xml version="1.0" encoding="UTF-8" standalone="yes" ?>
<CodeBlocks_project_file>
	<FileVersion major="1" minor="6" />
	<Project>
		<Option title="SFML sandbox" />
		<Option pch_mode="2" />
		<Option compiler="msys2_mingw-w64-x86_64_g" />
		<Build>
			<Target title="Debug">
				<Option output="bin/Debug/SFML sandbox" prefix_auto="1" extension_auto="1" />
				<Option object_output="obj/Debug/" />
				<Option type="1" />
				<Option compiler="msys2_mingw-w64-x86_64_g" />
				<Compiler>
					<Add option="-g" />
					<Add directory="../SFML-sandbox" />
				</Compiler>
			</Target>
			<Target title="Release">
				<Option output="bin/Release/SFML sandbox" prefix_auto="1" extension_auto="1" />
				<Option object_output="obj/Release/" />
				<Option type="1" />
				<Option compiler="msys2_mingw-w64-x86_64_g" />
				<Compiler>
					<Add option="-O2" />
					<Add directory="../SFML-sandbox" />
				</Compiler>
				<Linker>
					<Add option="-s" />
				</Linker>
			</Target>
		</Build>
		<Compiler>
			<Add option="-Wall" />
		</Compiler>
		<Unit filename="AnimatedSprite.cpp" />
		<Unit filename="AnimatedSprite.h" />
		<Unit filename="Animation.cpp" />
		<Unit filename="Animation.h" />
		<Unit filename="Button.cpp" />
		<Unit filename="Button.h" />
		<Unit filename="Cell.cpp" />
		<Unit filename="Cell.h" />
		<Unit filename="Cell_object.cpp" />
		<Unit filename="Cell_object.h" />
		<Unit filename="Character.cpp" />
		<Unit filename="Character.h" />
		<Unit filename="Field.cpp" />
		<Unit filename="Field.h" />
		<Unit filename="Player.cpp" />
		<Unit filename="Player.h" />
		<Unit filename="Scene.cpp" />
		<Unit filename="Scene.h" />
		<Unit filename="Scene_Field.cpp" />
		<Unit filename="Scene_Field.h" />
		<Unit filename="Scene_editor.cpp" />
		<Unit filename="Scene_editor.h" />
		<Unit filename="VisualEffect.cpp" />
		<Unit filename="VisualEffect.h" />
		<Unit filename="extra_algorithms.cpp" />
		<Unit filename="extra_algorithms.h" />
		<Unit filename="json/json-forwards.h" />
		<Unit filename="json/json.h" />
		<Unit filename="jsoncpp.cpp" />
		<Unit filename="main.cpp" />
		<Extensions />
	</Project>
</CodeBlocks_project_file>
